
Microsoft Visual Studio Solution File, Format Version 12.00
# Visual Studio Version 17
VisualStudioVersion = 17.14.36623.8
MinimumVisualStudioVersion = 10.0.40219.1
Project("{FAE04EC0-301F-11D3-BF4B-00C04F79EFBC}") = "MeddaillesOpdrachten", "MeddaillesOpdrachten.csproj", "{80292DE5-9E1A-4B1C-B204-85E5380EC454}"
EndProject
Global
	GlobalSection(SolutionConfigurationPlatforms) = preSolution
		Debug|Any CPU = Debug|Any CPU
		Release|Any CPU = Release|Any CPU
	EndGlobalSection
	GlobalSection(ProjectConfigurationPlatforms) = postSolution
		{80292DE5-9E1A-4B1C-B204-85E5380EC454}.Debug|Any CPU.ActiveCfg = Debug|Any CPU
		{80292DE5-9E1A-4B1C-B204-85E5380EC454}.Debug|Any CPU.Build.0 = Debug|Any CPU
		{80292DE5-9E1A-4B1C-B204-85E5380EC454}.Release|Any CPU.ActiveCfg = Release|Any CPU
		{80292DE5-9E1A-4B1C-B204-85E5380EC454}.Release|Any CPU.Build.0 = Release|Any CPU
	EndGlobalSection
	GlobalSection(SolutionProperties) = preSolution
		HideSolutionNode = FALSE
	EndGlobalSection
	GlobalSection(ExtensibilityGlobals) = postSolution
		SolutionGuid = {DB741CF5-DD77-462A-9377-8538DD433F05}
	EndGlobalSection
EndGlobal
